// !$*UTF8*$!
{
	archiveVersion = 1;
	classes = {
	};
	objectVersion = 46;
	objects = {

/* Begin PBXBuildFile section */
		491E534E1E100EEB003AE6FA /* CustomButtonClass.swift in Sources */ = {isa = PBXBuildFile; fileRef = 491E534D1E100EEB003AE6FA /* CustomButtonClass.swift */; };
		4954196C1E0DC47200FF7E9C /* TimerClass.swift in Sources */ = {isa = PBXBuildFile; fileRef = 4954196B1E0DC47200FF7E9C /* TimerClass.swift */; };
		4978AC8A1E0D7750006D2541 /* AppDelegate.swift in Sources */ = {isa = PBXBuildFile; fileRef = 4978AC891E0D7750006D2541 /* AppDelegate.swift */; };
		4978AC8C1E0D7750006D2541 /* ViewController.swift in Sources */ = {isa = PBXBuildFile; fileRef = 4978AC8B1E0D7750006D2541 /* ViewController.swift */; };
		4978AC8F1E0D7750006D2541 /* Main.storyboard in Resources */ = {isa = PBXBuildFile; fileRef = 4978AC8D1E0D7750006D2541 /* Main.storyboard */; };
		4978AC911E0D7750006D2541 /* Assets.xcassets in Resources */ = {isa = PBXBuildFile; fileRef = 4978AC901E0D7750006D2541 /* Assets.xcassets */; };
		4978AC941E0D7750006D2541 /* LaunchScreen.storyboard in Resources */ = {isa = PBXBuildFile; fileRef = 4978AC921E0D7750006D2541 /* LaunchScreen.storyboard */; };
		4978AC9F1E0D7750006D2541 /* StopWatchTests.swift in Sources */ = {isa = PBXBuildFile; fileRef = 4978AC9E1E0D7750006D2541 /* StopWatchTests.swift */; };
		4978ACB61E0DAAD6006D2541 /* Roboto-Light.ttf in Resources */ = {isa = PBXBuildFile; fileRef = 4978ACB41E0DAAD6006D2541 /* Roboto-Light.ttf */; };
		4978ACB71E0DAAD6006D2541 /* Roboto-Thin.ttf in Resources */ = {isa = PBXBuildFile; fileRef = 4978ACB51E0DAAD6006D2541 /* Roboto-Thin.ttf */; };
		4989CA701E0F041A00E0275D /* RecordTableViewCell.swift in Sources */ = {isa = PBXBuildFile; fileRef = 4989CA6F1E0F041A00E0275D /* RecordTableViewCell.swift */; };
/* End PBXBuildFile section */

/* Begin PBXContainerItemProxy section */
		4978AC9B1E0D7750006D2541 /* PBXContainerItemProxy */ = {
			isa = PBXContainerItemProxy;
			containerPortal = 4978AC7E1E0D7750006D2541 /* Project object */;
			proxyType = 1;
			remoteGlobalIDString = 4978AC851E0D7750006D2541;
			remoteInfo = StopWatch;
		};
/* End PBXContainerItemProxy section */

/* Begin PBXFileReference section */
		491E534D1E100EEB003AE6FA /* CustomButtonClass.swift */ = {isa = PBXFileReference; fileEncoding = 4; lastKnownFileType = sourcecode.swift; path = CustomButtonClass.swift; sourceTree = "<group>"; };
		4954196B1E0DC47200FF7E9C /* TimerClass.swift */ = {isa = PBXFileReference; fileEncoding = 4; lastKnownFileType = sourcecode.swift; path = TimerClass.swift; sourceTree = "<group>"; };
		4978AC861E0D7750006D2541 /* StopWatch.app */ = {isa = PBXFileReference; explicitFileType = wrapper.application; includeInIndex = 0; path = StopWatch.app; sourceTree = BUILT_PRODUCTS_DIR; };
		4978AC891E0D7750006D2541 /* AppDelegate.swift */ = {isa = PBXFileReference; lastKnownFileType = sourcecode.swift; path = AppDelegate.swift; sourceTree = "<group>"; };
		4978AC8B1E0D7750006D2541 /* ViewController.swift */ = {isa = PBXFileReference; lastKnownFileType = sourcecode.swift; path = ViewController.swift; sourceTree = "<group>"; };
		4978AC8E1E0D7750006D2541 /* Base */ = {isa = PBXFileReference; lastKnownFileType = file.storyboard; name = Base; path = Base.lproj/Main.storyboard; sourceTree = "<group>"; };
		4978AC901E0D7750006D2541 /* Assets.xcassets */ = {isa = PBXFileReference; lastKnownFileType = folder.assetcatalog; path = Assets.xcassets; sourceTree = "<group>"; };
		4978AC931E0D7750006D2541 /* Base */ = {isa = PBXFileReference; lastKnownFileType = file.storyboard; name = Base; path = Base.lproj/LaunchScreen.storyboard; sourceTree = "<group>"; };
		4978AC951E0D7750006D2541 /* Info.plist */ = {isa = PBXFileReference; lastKnownFileType = text.plist.xml; path = Info.plist; sourceTree = "<group>"; };
		4978AC9A1E0D7750006D2541 /* StopWatchTests.xctest */ = {isa = PBXFileReference; explicitFileType = wrapper.cfbundle; includeInIndex = 0; path = StopWatchTests.xctest; sourceTree = BUILT_PRODUCTS_DIR; };
		4978AC9E1E0D7750006D2541 /* StopWatchTests.swift */ = {isa = PBXFileReference; lastKnownFileType = sourcecode.swift; path = StopWatchTests.swift; sourceTree = "<group>"; };
		4978ACA01E0D7750006D2541 /* Info.plist */ = {isa = PBXFileReference; lastKnownFileType = text.plist.xml; path = Info.plist; sourceTree = "<group>"; };
		4978ACB41E0DAAD6006D2541 /* Roboto-Light.ttf */ = {isa = PBXFileReference; lastKnownFileType = file; path = "Roboto-Light.ttf"; sourceTree = "<group>"; };
		4978ACB51E0DAAD6006D2541 /* Roboto-Thin.ttf */ = {isa = PBXFileReference; lastKnownFileType = file; path = "Roboto-Thin.ttf"; sourceTree = "<group>"; };
		4989CA6F1E0F041A00E0275D /* RecordTableViewCell.swift */ = {isa = PBXFileReference; fileEncoding = 4; lastKnownFileType = sourcecode.swift; path = RecordTableViewCell.swift; sourceTree = "<group>"; };
/* End PBXFileReference section */

/* Begin PBXFrameworksBuildPhase section */
		4978AC831E0D7750006D2541 /* Frameworks */ = {
			isa = PBXFrameworksBuildPhase;
			buildActionMask = 2147483647;
			files = (
			);
			runOnlyForDeploymentPostprocessing = 0;
		};
		4978AC971E0D7750006D2541 /* Frameworks */ = {
			isa = PBXFrameworksBuildPhase;
			buildActionMask = 2147483647;
			files = (
			);
			runOnlyForDeploymentPostprocessing = 0;
		};
/* End PBXFrameworksBuildPhase section */

/* Begin PBXGroup section */
		4978AC7D1E0D7750006D2541 = {
			isa = PBXGroup;
			children = (
				4978ACAB1E0DA9D7006D2541 /* Resources */,
				4978AC881E0D7750006D2541 /* StopWatch */,
				4978AC9D1E0D7750006D2541 /* StopWatchTests */,
				4978AC871E0D7750006D2541 /* Products */,
			);
			sourceTree = "<group>";
		};
		4978AC871E0D7750006D2541 /* Products */ = {
			isa = PBXGroup;
			children = (
				4978AC861E0D7750006D2541 /* StopWatch.app */,
				4978AC9A1E0D7750006D2541 /* StopWatchTests.xctest */,
			);
			name = Products;
			sourceTree = "<group>";
		};
		4978AC881E0D7750006D2541 /* StopWatch */ = {
			isa = PBXGroup;
			children = (
				4978AC891E0D7750006D2541 /* AppDelegate.swift */,
				4978AC8B1E0D7750006D2541 /* ViewController.swift */,
				491E534D1E100EEB003AE6FA /* CustomButtonClass.swift */,
				4989CA6F1E0F041A00E0275D /* RecordTableViewCell.swift */,
				4954196B1E0DC47200FF7E9C /* TimerClass.swift */,
				4978AC8D1E0D7750006D2541 /* Main.storyboard */,
				4978AC901E0D7750006D2541 /* Assets.xcassets */,
				4978AC921E0D7750006D2541 /* LaunchScreen.storyboard */,
				4978AC951E0D7750006D2541 /* Info.plist */,
			);
			path = StopWatch;
			sourceTree = "<group>";
		};
		4978AC9D1E0D7750006D2541 /* StopWatchTests */ = {
			isa = PBXGroup;
			children = (
				4978AC9E1E0D7750006D2541 /* StopWatchTests.swift */,
				4978ACA01E0D7750006D2541 /* Info.plist */,
			);
			path = StopWatchTests;
			sourceTree = "<group>";
		};
		4978ACAB1E0DA9D7006D2541 /* Resources */ = {
			isa = PBXGroup;
			children = (
				4978ACB41E0DAAD6006D2541 /* Roboto-Light.ttf */,
				4978ACB51E0DAAD6006D2541 /* Roboto-Thin.ttf */,
			);
			name = Resources;
			sourceTree = "<group>";
		};
/* End PBXGroup section */

/* Begin PBXNativeTarget section */
		4978AC851E0D7750006D2541 /* StopWatch */ = {
			isa = PBXNativeTarget;
			buildConfigurationList = 4978ACA31E0D7750006D2541 /* Build configuration list for PBXNativeTarget "StopWatch" */;
			buildPhases = (
				4978AC821E0D7750006D2541 /* Sources */,
				4978AC831E0D7750006D2541 /* Frameworks */,
				4978AC841E0D7750006D2541 /* Resources */,
			);
			buildRules = (
			);
			dependencies = (
			);
			name = StopWatch;
			productName = StopWatch;
			productReference = 4978AC861E0D7750006D2541 /* StopWatch.app */;
			productType = "com.apple.product-type.application";
		};
		4978AC991E0D7750006D2541 /* StopWatchTests */ = {
			isa = PBXNativeTarget;
			buildConfigurationList = 4978ACA61E0D7750006D2541 /* Build configuration list for PBXNativeTarget "StopWatchTests" */;
			buildPhases = (
				4978AC961E0D7750006D2541 /* Sources */,
				4978AC971E0D7750006D2541 /* Frameworks */,
				4978AC981E0D7750006D2541 /* Resources */,
			);
			buildRules = (
			);
			dependencies = (
				4978AC9C1E0D7750006D2541 /* PBXTargetDependency */,
			);
			name = StopWatchTests;
			productName = StopWatchTests;
			productReference = 4978AC9A1E0D7750006D2541 /* StopWatchTests.xctest */;
			productType = "com.apple.product-type.bundle.unit-test";
		};
/* End PBXNativeTarget section */

/* Begin PBXProject section */
		4978AC7E1E0D7750006D2541 /* Project object */ = {
			isa = PBXProject;
			attributes = {
				LastSwiftUpdateCheck = 0810;
				LastUpgradeCheck = 0810;
				ORGANIZATIONNAME = "Nguyen Le Vu Long";
				TargetAttributes = {
					4978AC851E0D7750006D2541 = {
						CreatedOnToolsVersion = 8.1;
						DevelopmentTeam = 3FM7JRXRKW;
						ProvisioningStyle = Automatic;
					};
					4978AC991E0D7750006D2541 = {
						CreatedOnToolsVersion = 8.1;
						DevelopmentTeam = 3FM7JRXRKW;
						ProvisioningStyle = Automatic;
						TestTargetID = 4978AC851E0D7750006D2541;
					};
				};
			};
			buildConfigurationList = 4978AC811E0D7750006D2541 /* Build configuration list for PBXProject "StopWatch" */;
			compatibilityVersion = "Xcode 3.2";
			developmentRegion = English;
			hasScannedForEncodings = 0;
			knownRegions = (
				en,
				Base,
			);
			mainGroup = 4978AC7D1E0D7750006D2541;
			productRefGroup = 4978AC871E0D7750006D2541 /* Products */;
			projectDirPath = "";
			projectRoot = "";
			targets = (
				4978AC851E0D7750006D2541 /* StopWatch */,
				4978AC991E0D7750006D2541 /* StopWatchTests */,
			);
		};
/* End PBXProject section */

/* Begin PBXResourcesBuildPhase section */
		4978AC841E0D7750006D2541 /* Resources */ = {
			isa = PBXResourcesBuildPhase;
			buildActionMask = 2147483647;
			files = (
				4978AC941E0D7750006D2541 /* LaunchScreen.storyboard in Resources */,
				4978AC911E0D7750006D2541 /* Assets.xcassets in Resources */,
				4978ACB61E0DAAD6006D2541 /* Roboto-Light.ttf in Resources */,
				4978ACB71E0DAAD6006D2541 /* Roboto-Thin.ttf in Resources */,
				4978AC8F1E0D7750006D2541 /* Main.storyboard in Resources */,
			);
			runOnlyForDeploymentPostprocessing = 0;
		};
		4978AC981E0D7750006D2541 /* Resources */ = {
			isa = PBXResourcesBuildPhase;
			buildActionMask = 2147483647;
			files = (
			);
			runOnlyForDeploymentPostprocessing = 0;
		};
/* End PBXResourcesBuildPhase section */

/* Begin PBXSourcesBuildPhase section */
		4978AC821E0D7750006D2541 /* Sources */ = {
			isa = PBXSourcesBuildPhase;
			buildActionMask = 2147483647;
			files = (
				4978AC8C1E0D7750006D2541 /* ViewController.swift in Sources */,
				4954196C1E0DC47200FF7E9C /* TimerClass.swift in Sources */,
				4989CA701E0F041A00E0275D /* RecordTableViewCell.swift in Sources */,
				491E534E1E100EEB003AE6FA /* CustomButtonClass.swift in Sources */,
				4978AC8A1E0D7750006D2541 /* AppDelegate.swift in Sources */,
			);
			runOnlyForDeploymentPostprocessing = 0;
		};
		4978AC961E0D7750006D2541 /* Sources */ = {
			isa = PBXSourcesBuildPhase;
			buildActionMask = 2147483647;
			files = (
				4978AC9F1E0D7750006D2541 /* StopWatchTests.swift in Sources */,
			);
			runOnlyForDeploymentPostprocessing = 0;
		};
/* End PBXSourcesBuildPhase section */

/* Begin PBXTargetDependency section */
		4978AC9C1E0D7750006D2541 /* PBXTargetDependency */ = {
			isa = PBXTargetDependency;
			target = 4978AC851E0D7750006D2541 /* StopWatch */;
			targetProxy = 4978AC9B1E0D7750006D2541 /* PBXContainerItemProxy */;
		};
/* End PBXTargetDependency section */

/* Begin PBXVariantGroup section */
		4978AC8D1E0D7750006D2541 /* Main.storyboard */ = {
			isa = PBXVariantGroup;
			children = (
				4978AC8E1E0D7750006D2541 /* Base */,
			);
			name = Main.storyboard;
			sourceTree = "<group>";
		};
		4978AC921E0D7750006D2541 /* LaunchScreen.storyboard */ = {
			isa = PBXVariantGroup;
			children = (
				4978AC931E0D7750006D2541 /* Base */,
			);
			name = LaunchScreen.storyboard;
			sourceTree = "<group>";
		};
/* End PBXVariantGroup section */

/* Begin XCBuildConfiguration section */
		4978ACA11E0D7750006D2541 /* Debug */ = {
			isa = XCBuildConfiguration;
			buildSettings = {
				ALWAYS_SEARCH_USER_PATHS = NO;
				CLANG_ANALYZER_NONNULL = YES;
				CLANG_CXX_LANGUAGE_STANDARD = "gnu++0x";
				CLANG_CXX_LIBRARY = "libc++";
				CLANG_ENABLE_MODULES = YES;
				CLANG_ENABLE_OBJC_ARC = YES;
				CLANG_WARN_BOOL_CONVERSION = YES;
				CLANG_WARN_CONSTANT_CONVERSION = YES;
				CLANG_WARN_DIRECT_OBJC_ISA_USAGE = YES_ERROR;
				CLANG_WARN_DOCUMENTATION_COMMENTS = YES;
				CLANG_WARN_EMPTY_BODY = YES;
				CLANG_WARN_ENUM_CONVERSION = YES;
				CLANG_WARN_INFINITE_RECURSION = YES;
				CLANG_WARN_INT_CONVERSION = YES;
				CLANG_WARN_OBJC_ROOT_CLASS = YES_ERROR;
				CLANG_WARN_SUSPICIOUS_MOVES = YES;
				CLANG_WARN_UNREACHABLE_CODE = YES;
				CLANG_WARN__DUPLICATE_METHOD_MATCH = YES;
				"CODE_SIGN_IDENTITY[sdk=iphoneos*]" = "iPhone Developer";
				COPY_PHASE_STRIP = NO;
				DEBUG_INFORMATION_FORMAT = dwarf;
				ENABLE_STRICT_OBJC_MSGSEND = YES;
				ENABLE_TESTABILITY = YES;
				GCC_C_LANGUAGE_STANDARD = gnu99;
				GCC_DYNAMIC_NO_PIC = NO;
				GCC_NO_COMMON_BLOCKS = YES;
				GCC_OPTIMIZATION_LEVEL = 0;
				GCC_PREPROCESSOR_DEFINITIONS = (
					"DEBUG=1",
					"$(inherited)",
				);
				GCC_WARN_64_TO_32_BIT_CONVERSION = YES;
				GCC_WARN_ABOUT_RETURN_TYPE = YES_ERROR;
				GCC_WARN_UNDECLARED_SELECTOR = YES;
				GCC_WARN_UNINITIALIZED_AUTOS = YES_AGGRESSIVE;
				GCC_WARN_UNUSED_FUNCTION = YES;
				GCC_WARN_UNUSED_VARIABLE = YES;
				IPHONEOS_DEPLOYMENT_TARGET = 10.1;
				MTL_ENABLE_DEBUG_INFO = YES;
				ONLY_ACTIVE_ARCH = YES;
				SDKROOT = iphoneos;
				SWIFT_ACTIVE_COMPILATION_CONDITIONS = DEBUG;
				SWIFT_OPTIMIZATION_LEVEL = "-Onone";
				TARGETED_DEVICE_FAMILY = "1,2";
			};
			name = Debug;
		};
		4978ACA21E0D7750006D2541 /* Release */ = {
			isa = XCBuildConfiguration;
			buildSettings = {
				ALWAYS_SEARCH_USER_PATHS = NO;
				CLANG_ANALYZER_NONNULL = YES;
				CLANG_CXX_LANGUAGE_STANDARD = "gnu++0x";
				CLANG_CXX_LIBRARY = "libc++";
				CLANG_ENABLE_MODULES = YES;
				CLANG_ENABLE_OBJC_ARC = YES;
				CLANG_WARN_BOOL_CONVERSION = YES;
				CLANG_WARN_CONSTANT_CONVERSION = YES;
				CLANG_WARN_DIRECT_OBJC_ISA_USAGE = YES_ERROR;
				CLANG_WARN_DOCUMENTATION_COMMENTS = YES;
				CLANG_WARN_EMPTY_BODY = YES;
				CLANG_WARN_ENUM_CONVERSION = YES;
				CLANG_WARN_INFINITE_RECURSION = YES;
				CLANG_WARN_INT_CONVERSION = YES;
				CLANG_WARN_OBJC_ROOT_CLASS = YES_ERROR;
				CLANG_WARN_SUSPICIOUS_MOVES = YES;
				CLANG_WARN_UNREACHABLE_CODE = YES;
				CLANG_WARN__DUPLICATE_METHOD_MATCH = YES;
				"CODE_SIGN_IDENTITY[sdk=iphoneos*]" = "iPhone Developer";
				COPY_PHASE_STRIP = NO;
				DEBUG_INFORMATION_FORMAT = "dwarf-with-dsym";
				ENABLE_NS_ASSERTIONS = NO;
				ENABLE_STRICT_OBJC_MSGSEND = YES;
				GCC_C_LANGUAGE_STANDARD = gnu99;
				GCC_NO_COMMON_BLOCKS = YES;
				GCC_WARN_64_TO_32_BIT_CONVERSION = YES;
				GCC_WARN_ABOUT_RETURN_TYPE = YES_ERROR;
				GCC_WARN_UNDECLARED_SELECTOR = YES;
				GCC_WARN_UNINITIALIZED_AUTOS = YES_AGGRESSIVE;
				GCC_WARN_UNUSED_FUNCTION = YES;
				GCC_WARN_UNUSED_VARIABLE = YES;
				IPHONEOS_DEPLOYMENT_TARGET = 10.1;
				MTL_ENABLE_DEBUG_INFO = NO;
				SDKROOT = iphoneos;
				SWIFT_OPTIMIZATION_LEVEL = "-Owholemodule";
				TARGETED_DEVICE_FAMILY = "1,2";
				VALIDATE_PRODUCT = YES;
			};
			name = Release;
		};
		4978ACA41E0D7750006D2541 /* Debug */ = {
			isa = XCBuildConfiguration;
			buildSettings = {
				ASSETCATALOG_COMPILER_APPICON_NAME = AppIcon;
				DEVELOPMENT_TEAM = 3FM7JRXRKW;
				INFOPLIST_FILE = StopWatch/Info.plist;
				LD_RUNPATH_SEARCH_PATHS = "$(inherited) @executable_path/Frameworks";
				PRODUCT_BUNDLE_IDENTIFIER = NLVL.StopWatch;
				PRODUCT_NAME = "$(TARGET_NAME)";
				SWIFT_VERSION = 3.0;
			};
			name = Debug;
		};
		4978ACA51E0D7750006D2541 /* Release */ = {
			isa = XCBuildConfiguration;
			buildSettings = {
				ASSETCATALOG_COMPILER_APPICON_NAME = AppIcon;
				DEVELOPMENT_TEAM = 3FM7JRXRKW;
				INFOPLIST_FILE = StopWatch/Info.plist;
				LD_RUNPATH_SEARCH_PATHS = "$(inherited) @executable_path/Frameworks";
				PRODUCT_BUNDLE_IDENTIFIER = NLVL.StopWatch;
				PRODUCT_NAME = "$(TARGET_NAME)";
				SWIFT_VERSION = 3.0;
			};
			name = Release;
		};
		4978ACA71E0D7750006D2541 /* Debug */ = {
			isa = XCBuildConfiguration;
			buildSettings = {
				ALWAYS_EMBED_SWIFT_STANDARD_LIBRARIES = YES;
				BUNDLE_LOADER = "$(TEST_HOST)";
				DEVELOPMENT_TEAM = 3FM7JRXRKW;
				INFOPLIST_FILE = StopWatchTests/Info.plist;
				LD_RUNPATH_SEARCH_PATHS = "$(inherited) @executable_path/Frameworks @loader_path/Frameworks";
				PRODUCT_BUNDLE_IDENTIFIER = NLVL.StopWatchTests;
				PRODUCT_NAME = "$(TARGET_NAME)";
				SWIFT_VERSION = 3.0;
				TEST_HOST = "$(BUILT_PRODUCTS_DIR)/StopWatch.app/StopWatch";
			};
			name = Debug;
		};
		4978ACA81E0D7750006D2541 /* Release */ = {
			isa = XCBuildConfiguration;
			buildSettings = {
				ALWAYS_EMBED_SWIFT_STANDARD_LIBRARIES = YES;
				BUNDLE_LOADER = "$(TEST_HOST)";
				DEVELOPMENT_TEAM = 3FM7JRXRKW;
				INFOPLIST_FILE = StopWatchTests/Info.plist;
				LD_RUNPATH_SEARCH_PATHS = "$(inherited) @executable_path/Frameworks @loader_path/Frameworks";
				PRODUCT_BUNDLE_IDENTIFIER = NLVL.StopWatchTests;
				PRODUCT_NAME = "$(TARGET_NAME)";
				SWIFT_VERSION = 3.0;
				TEST_HOST = "$(BUILT_PRODUCTS_DIR)/StopWatch.app/StopWatch";
			};
			name = Release;
		};
/* End XCBuildConfiguration section */

/* Begin XCConfigurationList section */
		4978AC811E0D7750006D2541 /* Build configuration list for PBXProject "StopWatch" */ = {
			isa = XCConfigurationList;
			buildConfigurations = (
				4978ACA11E0D7750006D2541 /* Debug */,
				4978ACA21E0D7750006D2541 /* Release */,
			);
			defaultConfigurationIsVisible = 0;
			defaultConfigurationName = Release;
		};
		4978ACA31E0D7750006D2541 /* Build configuration list for PBXNativeTarget "StopWatch" */ = {
			isa = XCConfigurationList;
			buildConfigurations = (
				4978ACA41E0D7750006D2541 /* Debug */,
				4978ACA51E0D7750006D2541 /* Release */,
			);
			defaultConfigurationIsVisible = 0;
			defaultConfigurationName = Release;
		};
		4978ACA61E0D7750006D2541 /* Build configuration list for PBXNativeTarget "StopWatchTests" */ = {
			isa = XCConfigurationList;
			buildConfigurations = (
				4978ACA71E0D7750006D2541 /* Debug */,
				4978ACA81E0D7750006D2541 /* Release */,
			);
			defaultConfigurationIsVisible = 0;
			defaultConfigurationName = Release;
		};
/* End XCConfigurationList section */
	};
	rootObject = 4978AC7E1E0D7750006D2541 /* Project object */;
}
